
Microsoft Visual Studio Solution File, Format Version 12.00
# Visual Studio Version 17
VisualStudioVersion = 17.9.34902.65
MinimumVisualStudioVersion = 10.0.40219.1
Project("{8BC9CEB8-8B4A-11D0-8D11-00A0C91BC942}") = "StrategoDll", "StrategoDll.vcxproj", "{8F5D8070-417F-4EED-9B7B-E0CCF4F1301F}"
EndProject
Project("{8BC9CEB8-8B4A-11D0-8D11-00A0C91BC942}") = "StrategoMoveGeneratorForLinux", "..\StrategoMoveGeneratorForLinux\StrategoMoveGeneratorForLinux.vcxproj", "{CA836F1C-70C0-436D-B729-C6281195C8FD}"
EndProject
Global
	GlobalSection(SolutionConfigurationPlatforms) = preSolution
		Debug|ARM = Debug|ARM
		Debug|ARM64 = Debug|ARM64
		Debug|x64 = Debug|x64
		Debug|x86 = Debug|x86
		Release|ARM = Release|ARM
		Release|ARM64 = Release|ARM64
		Release|x64 = Release|x64
		Release|x86 = Release|x86
	EndGlobalSection
	GlobalSection(ProjectConfigurationPlatforms) = postSolution
		{8F5D8070-417F-4EED-9B7B-E0CCF4F1301F}.Debug|ARM.ActiveCfg = Debug|x64
		{8F5D8070-417F-4EED-9B7B-E0CCF4F1301F}.Debug|ARM.Build.0 = Debug|x64
		{8F5D8070-417F-4EED-9B7B-E0CCF4F1301F}.Debug|ARM64.ActiveCfg = Debug|x64
		{8F5D8070-417F-4EED-9B7B-E0CCF4F1301F}.Debug|ARM64.Build.0 = Debug|x64
		{8F5D8070-417F-4EED-9B7B-E0CCF4F1301F}.Debug|x64.ActiveCfg = Debug|x64
		{8F5D8070-417F-4EED-9B7B-E0CCF4F1301F}.Debug|x64.Build.0 = Debug|x64
		{8F5D8070-417F-4EED-9B7B-E0CCF4F1301F}.Debug|x86.ActiveCfg = Debug|Win32
		{8F5D8070-417F-4EED-9B7B-E0CCF4F1301F}.Debug|x86.Build.0 = Debug|Win32
		{8F5D8070-417F-4EED-9B7B-E0CCF4F1301F}.Release|ARM.ActiveCfg = Release|x64
		{8F5D8070-417F-4EED-9B7B-E0CCF4F1301F}.Release|ARM.Build.0 = Release|x64
		{8F5D8070-417F-4EED-9B7B-E0CCF4F1301F}.Release|ARM64.ActiveCfg = Release|x64
		{8F5D8070-417F-4EED-9B7B-E0CCF4F1301F}.Release|ARM64.Build.0 = Release|x64
		{8F5D8070-417F-4EED-9B7B-E0CCF4F1301F}.Release|x64.ActiveCfg = Release|x64
		{8F5D8070-417F-4EED-9B7B-E0CCF4F1301F}.Release|x64.Build.0 = Release|x64
		{8F5D8070-417F-4EED-9B7B-E0CCF4F1301F}.Release|x86.ActiveCfg = Release|Win32
		{8F5D8070-417F-4EED-9B7B-E0CCF4F1301F}.Release|x86.Build.0 = Release|Win32
		{CA836F1C-70C0-436D-B729-C6281195C8FD}.Debug|ARM.ActiveCfg = Debug|ARM
		{CA836F1C-70C0-436D-B729-C6281195C8FD}.Debug|ARM.Build.0 = Debug|ARM
		{CA836F1C-70C0-436D-B729-C6281195C8FD}.Debug|ARM.Deploy.0 = Debug|ARM
		{CA836F1C-70C0-436D-B729-C6281195C8FD}.Debug|ARM64.ActiveCfg = Debug|ARM64
		{CA836F1C-70C0-436D-B729-C6281195C8FD}.Debug|ARM64.Build.0 = Debug|ARM64
		{CA836F1C-70C0-436D-B729-C6281195C8FD}.Debug|ARM64.Deploy.0 = Debug|ARM64
		{CA836F1C-70C0-436D-B729-C6281195C8FD}.Debug|x64.ActiveCfg = Debug|x64
		{CA836F1C-70C0-436D-B729-C6281195C8FD}.Debug|x64.Build.0 = Debug|x64
		{CA836F1C-70C0-436D-B729-C6281195C8FD}.Debug|x64.Deploy.0 = Debug|x64
		{CA836F1C-70C0-436D-B729-C6281195C8FD}.Debug|x86.ActiveCfg = Debug|x86
		{CA836F1C-70C0-436D-B729-C6281195C8FD}.Debug|x86.Build.0 = Debug|x86
		{CA836F1C-70C0-436D-B729-C6281195C8FD}.Debug|x86.Deploy.0 = Debug|x86
		{CA836F1C-70C0-436D-B729-C6281195C8FD}.Release|ARM.ActiveCfg = Release|x64
		{CA836F1C-70C0-436D-B729-C6281195C8FD}.Release|ARM.Build.0 = Release|x64
		{CA836F1C-70C0-436D-B729-C6281195C8FD}.Release|ARM.Deploy.0 = Release|x64
		{CA836F1C-70C0-436D-B729-C6281195C8FD}.Release|ARM64.ActiveCfg = Release|ARM64
		{CA836F1C-70C0-436D-B729-C6281195C8FD}.Release|ARM64.Build.0 = Release|ARM64
		{CA836F1C-70C0-436D-B729-C6281195C8FD}.Release|ARM64.Deploy.0 = Release|ARM64
		{CA836F1C-70C0-436D-B729-C6281195C8FD}.Release|x64.ActiveCfg = Release|x64
		{CA836F1C-70C0-436D-B729-C6281195C8FD}.Release|x64.Build.0 = Release|x64
		{CA836F1C-70C0-436D-B729-C6281195C8FD}.Release|x64.Deploy.0 = Release|x64
		{CA836F1C-70C0-436D-B729-C6281195C8FD}.Release|x86.ActiveCfg = Release|x86
		{CA836F1C-70C0-436D-B729-C6281195C8FD}.Release|x86.Build.0 = Release|x86
		{CA836F1C-70C0-436D-B729-C6281195C8FD}.Release|x86.Deploy.0 = Release|x86
	EndGlobalSection
	GlobalSection(SolutionProperties) = preSolution
		HideSolutionNode = FALSE
	EndGlobalSection
	GlobalSection(ExtensibilityGlobals) = postSolution
		SolutionGuid = {84D42D7D-E7E1-4D2F-B4AB-946998AB00CD}
	EndGlobalSection
EndGlobal
